
Microsoft Visual Studio Solution File, Format Version 12.00
# Visual Studio Version 17
VisualStudioVersion = 17.9.34728.123
MinimumVisualStudioVersion = 10.0.40219.1
Project("{FAE04EC0-301F-11D3-BF4B-00C04F79EFBC}") = "Week9", "Week9\Week9.csproj", "{DB8DE22D-F602-479A-9C66-888D93F2311B}"
EndProject
Global
	GlobalSection(SolutionConfigurationPlatforms) = preSolution
		Debug|Any CPU = Debug|Any CPU
		Release|Any CPU = Release|Any CPU
	EndGlobalSection
	GlobalSection(ProjectConfigurationPlatforms) = postSolution
		{DB8DE22D-F602-479A-9C66-888D93F2311B}.Debug|Any CPU.ActiveCfg = Debug|Any CPU
		{DB8DE22D-F602-479A-9C66-888D93F2311B}.Debug|Any CPU.Build.0 = Debug|Any CPU
		{DB8DE22D-F602-479A-9C66-888D93F2311B}.Release|Any CPU.ActiveCfg = Release|Any CPU
		{DB8DE22D-F602-479A-9C66-888D93F2311B}.Release|Any CPU.Build.0 = Release|Any CPU
	EndGlobalSection
	GlobalSection(SolutionProperties) = preSolution
		HideSolutionNode = FALSE
	EndGlobalSection
	GlobalSection(ExtensibilityGlobals) = postSolution
		SolutionGuid = {60C62CA0-AFA7-43BE-8247-9CB509F594C7}
	EndGlobalSection
EndGlobal
